
Microsoft Visual Studio Solution File, Format Version 12.00
# Visual Studio Version 17
VisualStudioVersion = 17.11.35222.181
MinimumVisualStudioVersion = 10.0.40219.1
Project("{FAE04EC0-301F-11D3-BF4B-00C04F79EFBC}") = "OOP Project", "OOP Project.csproj", "{B47A30B2-7E80-4AC9-B00B-9FBBD50A09CB}"
EndProject
Global
	GlobalSection(SolutionConfigurationPlatforms) = preSolution
		Debug|Any CPU = Debug|Any CPU
		Release|Any CPU = Release|Any CPU
	EndGlobalSection
	GlobalSection(ProjectConfigurationPlatforms) = postSolution
		{B47A30B2-7E80-4AC9-B00B-9FBBD50A09CB}.Debug|Any CPU.ActiveCfg = Debug|Any CPU
		{B47A30B2-7E80-4AC9-B00B-9FBBD50A09CB}.Debug|Any CPU.Build.0 = Debug|Any CPU
		{B47A30B2-7E80-4AC9-B00B-9FBBD50A09CB}.Release|Any CPU.ActiveCfg = Release|Any CPU
		{B47A30B2-7E80-4AC9-B00B-9FBBD50A09CB}.Release|Any CPU.Build.0 = Release|Any CPU
	EndGlobalSection
	GlobalSection(SolutionProperties) = preSolution
		HideSolutionNode = FALSE
	EndGlobalSection
	GlobalSection(ExtensibilityGlobals) = postSolution
		SolutionGuid = {3987B948-E964-4D49-A776-DE36EF036813}
	EndGlobalSection
EndGlobal
